// !$*UTF8*$!
{
	archiveVersion = 1;
	classes = {
	};
	objectVersion = 46;
	objects = {

/* Begin PBXBuildFile section */
		B913BBA61B798FCB00C95D96 /* main.swift in Sources */ = {isa = PBXBuildFile; fileRef = B913BBA51B798FCB00C95D96 /* main.swift */; };
		B942E5531B7B203D007EA821 /* CWSCharacter.swift in Sources */ = {isa = PBXBuildFile; fileRef = B942E5521B7B203D007EA821 /* CWSCharacter.swift */; };
		B942E55A1B7B2B2D007EA821 /* CWSTrie.swift in Sources */ = {isa = PBXBuildFile; fileRef = B942E5591B7B2B2D007EA821 /* CWSTrie.swift */; };
		B942E55C1B7B2C43007EA821 /* CWSFirstCharNode.swift in Sources */ = {isa = PBXBuildFile; fileRef = B942E55B1B7B2C43007EA821 /* CWSFirstCharNode.swift */; };
		B9B56B621B84C10400B81776 /* CWSIndex.swift in Sources */ = {isa = PBXBuildFile; fileRef = B9B56B611B84C10400B81776 /* CWSIndex.swift */; };
		B9D2B2661B79E96900EF7D21 /* CWSDictionary.swift in Sources */ = {isa = PBXBuildFile; fileRef = B9D2B2651B79E96900EF7D21 /* CWSDictionary.swift */; };
		B9DAE9E31B84812C00CDA844 /* CWSContent.swift in Sources */ = {isa = PBXBuildFile; fileRef = B9DAE9E21B84812C00CDA844 /* CWSContent.swift */; };
/* End PBXBuildFile section */

/* Begin PBXCopyFilesBuildPhase section */
		B913BBA01B798FCB00C95D96 /* CopyFiles */ = {
			isa = PBXCopyFilesBuildPhase;
			buildActionMask = 2147483647;
			dstPath = /usr/share/man/man1/;
			dstSubfolderSpec = 0;
			files = (
			);
			runOnlyForDeploymentPostprocessing = 1;
		};
/* End PBXCopyFilesBuildPhase section */

/* Begin PBXFileReference section */
		B913BBA21B798FCB00C95D96 /* DSChineseWordSegmentation */ = {isa = PBXFileReference; explicitFileType = "compiled.mach-o.executable"; includeInIndex = 0; path = DSChineseWordSegmentation; sourceTree = BUILT_PRODUCTS_DIR; };
		B913BBA51B798FCB00C95D96 /* main.swift */ = {isa = PBXFileReference; lastKnownFileType = sourcecode.swift; path = main.swift; sourceTree = "<group>"; };
		B942E5521B7B203D007EA821 /* CWSCharacter.swift */ = {isa = PBXFileReference; fileEncoding = 4; lastKnownFileType = sourcecode.swift; path = CWSCharacter.swift; sourceTree = "<group>"; };
		B942E5591B7B2B2D007EA821 /* CWSTrie.swift */ = {isa = PBXFileReference; fileEncoding = 4; lastKnownFileType = sourcecode.swift; path = CWSTrie.swift; sourceTree = "<group>"; };
		B942E55B1B7B2C43007EA821 /* CWSFirstCharNode.swift */ = {isa = PBXFileReference; fileEncoding = 4; lastKnownFileType = sourcecode.swift; path = CWSFirstCharNode.swift; sourceTree = "<group>"; };
		B9B56B611B84C10400B81776 /* CWSIndex.swift */ = {isa = PBXFileReference; fileEncoding = 4; lastKnownFileType = sourcecode.swift; path = CWSIndex.swift; sourceTree = "<group>"; };
		B9D2B2651B79E96900EF7D21 /* CWSDictionary.swift */ = {isa = PBXFileReference; fileEncoding = 4; lastKnownFileType = sourcecode.swift; path = CWSDictionary.swift; sourceTree = "<group>"; };
		B9DAE9E21B84812C00CDA844 /* CWSContent.swift */ = {isa = PBXFileReference; fileEncoding = 4; lastKnownFileType = sourcecode.swift; path = CWSContent.swift; sourceTree = "<group>"; };
/* End PBXFileReference section */

/* Begin PBXFrameworksBuildPhase section */
		B913BB9F1B798FCB00C95D96 /* Frameworks */ = {
			isa = PBXFrameworksBuildPhase;
			buildActionMask = 2147483647;
			files = (
			);
			runOnlyForDeploymentPostprocessing = 0;
		};
/* End PBXFrameworksBuildPhase section */

/* Begin PBXGroup section */
		B913BB991B798FCB00C95D96 = {
			isa = PBXGroup;
			children = (
				B913BBA41B798FCB00C95D96 /* DSChineseWordSegmentation */,
				B913BBA31B798FCB00C95D96 /* Products */,
			);
			sourceTree = "<group>";
		};
		B913BBA31B798FCB00C95D96 /* Products */ = {
			isa = PBXGroup;
			children = (
				B913BBA21B798FCB00C95D96 /* DSChineseWordSegmentation */,
			);
			name = Products;
			sourceTree = "<group>";
		};
		B913BBA41B798FCB00C95D96 /* DSChineseWordSegmentation */ = {
			isa = PBXGroup;
			children = (
				B913BBA51B798FCB00C95D96 /* main.swift */,
				B942E5541B7B20CD007EA821 /* Extension */,
				B942E5551B7B20EC007EA821 /* Dictionary */,
				B942E5561B7B20FF007EA821 /* Index */,
			);
			path = DSChineseWordSegmentation;
			sourceTree = "<group>";
		};
		B942E5541B7B20CD007EA821 /* Extension */ = {
			isa = PBXGroup;
			children = (
				B942E5521B7B203D007EA821 /* CWSCharacter.swift */,
			);
			name = Extension;
			sourceTree = "<group>";
		};
		B942E5551B7B20EC007EA821 /* Dictionary */ = {
			isa = PBXGroup;
			children = (
				B9D2B2651B79E96900EF7D21 /* CWSDictionary.swift */,
				B942E5591B7B2B2D007EA821 /* CWSTrie.swift */,
				B942E55B1B7B2C43007EA821 /* CWSFirstCharNode.swift */,
			);
			name = Dictionary;
			sourceTree = "<group>";
		};
		B942E5561B7B20FF007EA821 /* Index */ = {
			isa = PBXGroup;
			children = (
				B9DAE9E21B84812C00CDA844 /* CWSContent.swift */,
				B9B56B611B84C10400B81776 /* CWSIndex.swift */,
			);
			name = Index;
			sourceTree = "<group>";
		};
/* End PBXGroup section */

/* Begin PBXNativeTarget section */
		B913BBA11B798FCB00C95D96 /* DSChineseWordSegmentation */ = {
			isa = PBXNativeTarget;
			buildConfigurationList = B913BBA91B798FCB00C95D96 /* Build configuration list for PBXNativeTarget "DSChineseWordSegmentation" */;
			buildPhases = (
				B913BB9E1B798FCB00C95D96 /* Sources */,
				B913BB9F1B798FCB00C95D96 /* Frameworks */,
				B913BBA01B798FCB00C95D96 /* CopyFiles */,
			);
			buildRules = (
			);
			dependencies = (
			);
			name = DSChineseWordSegmentation;
			productName = DSChineseWordSegmentation;
			productReference = B913BBA21B798FCB00C95D96 /* DSChineseWordSegmentation */;
			productType = "com.apple.product-type.tool";
		};
/* End PBXNativeTarget section */

/* Begin PBXProject section */
		B913BB9A1B798FCB00C95D96 /* Project object */ = {
			isa = PBXProject;
			attributes = {
				LastUpgradeCheck = 0640;
				ORGANIZATIONNAME = "He Zitong";
				TargetAttributes = {
					B913BBA11B798FCB00C95D96 = {
						CreatedOnToolsVersion = 6.4;
					};
				};
			};
			buildConfigurationList = B913BB9D1B798FCB00C95D96 /* Build configuration list for PBXProject "DSChineseWordSegmentation" */;
			compatibilityVersion = "Xcode 3.2";
			developmentRegion = English;
			hasScannedForEncodings = 0;
			knownRegions = (
				en,
			);
			mainGroup = B913BB991B798FCB00C95D96;
			productRefGroup = B913BBA31B798FCB00C95D96 /* Products */;
			projectDirPath = "";
			projectRoot = "";
			targets = (
				B913BBA11B798FCB00C95D96 /* DSChineseWordSegmentation */,
			);
		};
/* End PBXProject section */

/* Begin PBXSourcesBuildPhase section */
		B913BB9E1B798FCB00C95D96 /* Sources */ = {
			isa = PBXSourcesBuildPhase;
			buildActionMask = 2147483647;
			files = (
				B9D2B2661B79E96900EF7D21 /* CWSDictionary.swift in Sources */,
				B9B56B621B84C10400B81776 /* CWSIndex.swift in Sources */,
				B913BBA61B798FCB00C95D96 /* main.swift in Sources */,
				B9DAE9E31B84812C00CDA844 /* CWSContent.swift in Sources */,
				B942E55A1B7B2B2D007EA821 /* CWSTrie.swift in Sources */,
				B942E5531B7B203D007EA821 /* CWSCharacter.swift in Sources */,
				B942E55C1B7B2C43007EA821 /* CWSFirstCharNode.swift in Sources */,
			);
			runOnlyForDeploymentPostprocessing = 0;
		};
/* End PBXSourcesBuildPhase section */

/* Begin XCBuildConfiguration section */
		B913BBA71B798FCB00C95D96 /* Debug */ = {
			isa = XCBuildConfiguration;
			buildSettings = {
				ALWAYS_SEARCH_USER_PATHS = NO;
				CLANG_CXX_LANGUAGE_STANDARD = "gnu++0x";
				CLANG_CXX_LIBRARY = "libc++";
				CLANG_ENABLE_MODULES = YES;
				CLANG_ENABLE_OBJC_ARC = YES;
				CLANG_WARN_BOOL_CONVERSION = YES;
				CLANG_WARN_CONSTANT_CONVERSION = YES;
				CLANG_WARN_DIRECT_OBJC_ISA_USAGE = YES_ERROR;
				CLANG_WARN_EMPTY_BODY = YES;
				CLANG_WARN_ENUM_CONVERSION = YES;
				CLANG_WARN_INT_CONVERSION = YES;
				CLANG_WARN_OBJC_ROOT_CLASS = YES_ERROR;
				CLANG_WARN_UNREACHABLE_CODE = YES;
				CLANG_WARN__DUPLICATE_METHOD_MATCH = YES;
				COPY_PHASE_STRIP = NO;
				DEBUG_INFORMATION_FORMAT = dwarf;
				ENABLE_STRICT_OBJC_MSGSEND = YES;
				GCC_C_LANGUAGE_STANDARD = gnu99;
				GCC_DYNAMIC_NO_PIC = NO;
				GCC_NO_COMMON_BLOCKS = YES;
				GCC_OPTIMIZATION_LEVEL = 0;
				GCC_PREPROCESSOR_DEFINITIONS = (
					"DEBUG=1",
					"$(inherited)",
				);
				GCC_SYMBOLS_PRIVATE_EXTERN = NO;
				GCC_WARN_64_TO_32_BIT_CONVERSION = YES;
				GCC_WARN_ABOUT_RETURN_TYPE = YES_ERROR;
				GCC_WARN_UNDECLARED_SELECTOR = YES;
				GCC_WARN_UNINITIALIZED_AUTOS = YES_AGGRESSIVE;
				GCC_WARN_UNUSED_FUNCTION = YES;
				GCC_WARN_UNUSED_VARIABLE = YES;
				MACOSX_DEPLOYMENT_TARGET = 10.10;
				MTL_ENABLE_DEBUG_INFO = YES;
				ONLY_ACTIVE_ARCH = YES;
				SDKROOT = macosx;
				SWIFT_OPTIMIZATION_LEVEL = "-Onone";
			};
			name = Debug;
		};
		B913BBA81B798FCB00C95D96 /* Release */ = {
			isa = XCBuildConfiguration;
			buildSettings = {
				ALWAYS_SEARCH_USER_PATHS = NO;
				CLANG_CXX_LANGUAGE_STANDARD = "gnu++0x";
				CLANG_CXX_LIBRARY = "libc++";
				CLANG_ENABLE_MODULES = YES;
				CLANG_ENABLE_OBJC_ARC = YES;
				CLANG_WARN_BOOL_CONVERSION = YES;
				CLANG_WARN_CONSTANT_CONVERSION = YES;
				CLANG_WARN_DIRECT_OBJC_ISA_USAGE = YES_ERROR;
				CLANG_WARN_EMPTY_BODY = YES;
				CLANG_WARN_ENUM_CONVERSION = YES;
				CLANG_WARN_INT_CONVERSION = YES;
				CLANG_WARN_OBJC_ROOT_CLASS = YES_ERROR;
				CLANG_WARN_UNREACHABLE_CODE = YES;
				CLANG_WARN__DUPLICATE_METHOD_MATCH = YES;
				COPY_PHASE_STRIP = NO;
				DEBUG_INFORMATION_FORMAT = "dwarf-with-dsym";
				ENABLE_NS_ASSERTIONS = NO;
				ENABLE_STRICT_OBJC_MSGSEND = YES;
				GCC_C_LANGUAGE_STANDARD = gnu99;
				GCC_NO_COMMON_BLOCKS = YES;
				GCC_WARN_64_TO_32_BIT_CONVERSION = YES;
				GCC_WARN_ABOUT_RETURN_TYPE = YES_ERROR;
				GCC_WARN_UNDECLARED_SELECTOR = YES;
				GCC_WARN_UNINITIALIZED_AUTOS = YES_AGGRESSIVE;
				GCC_WARN_UNUSED_FUNCTION = YES;
				GCC_WARN_UNUSED_VARIABLE = YES;
				MACOSX_DEPLOYMENT_TARGET = 10.10;
				MTL_ENABLE_DEBUG_INFO = NO;
				SDKROOT = macosx;
			};
			name = Release;
		};
		B913BBAA1B798FCB00C95D96 /* Debug */ = {
			isa = XCBuildConfiguration;
			buildSettings = {
				PRODUCT_NAME = "$(TARGET_NAME)";
			};
			name = Debug;
		};
		B913BBAB1B798FCB00C95D96 /* Release */ = {
			isa = XCBuildConfiguration;
			buildSettings = {
				PRODUCT_NAME = "$(TARGET_NAME)";
			};
			name = Release;
		};
/* End XCBuildConfiguration section */

/* Begin XCConfigurationList section */
		B913BB9D1B798FCB00C95D96 /* Build configuration list for PBXProject "DSChineseWordSegmentation" */ = {
			isa = XCConfigurationList;
			buildConfigurations = (
				B913BBA71B798FCB00C95D96 /* Debug */,
				B913BBA81B798FCB00C95D96 /* Release */,
			);
			defaultConfigurationIsVisible = 0;
			defaultConfigurationName = Release;
		};
		B913BBA91B798FCB00C95D96 /* Build configuration list for PBXNativeTarget "DSChineseWordSegmentation" */ = {
			isa = XCConfigurationList;
			buildConfigurations = (
				B913BBAA1B798FCB00C95D96 /* Debug */,
				B913BBAB1B798FCB00C95D96 /* Release */,
			);
			defaultConfigurationIsVisible = 0;
			defaultConfigurationName = Release;
		};
/* End XCConfigurationList section */
	};
	rootObject = B913BB9A1B798FCB00C95D96 /* Project object */;
}
